{
  "version": 2,
  "dependencies": {
    "net10.0": {
      "Microsoft.Extensions.Hosting.Abstractions": {
        "type": "Direct",
        "requested": "[10.0.12, )",
        "resolved": "10.0.12",
        "contentHash": "ZlIxIJtWmrph0Ikj0svSaTkZ+d+ZYpTAhazpf1b3aoFRmlNnNWwkcvqnqT9yKHjKvfBRthvUrkq11OxfItOhpg==",
        "dependencies": {
          "Microsoft.Extensions.Configuration.Abstractions": "10.0.12",
          "Microsoft.Extensions.DependencyInjection.Abstractions": "10.0.12",
          "Microsoft.Extensions.Diagnostics.Abstractions": "10.0.12",
          "Microsoft.Extensions.FileProviders.Abstractions": "10.0.12",
          "Microsoft.Extensions.Logging.Abstractions": "10.0.12"
        }
      },
      "Npgsql.EntityFrameworkCore.PostgreSQL": {
        "type": "Direct",
        "requested": "[10.0.3, )",
        "resolved": "10.0.3",
        "contentHash": "IPGrrZnRkuW7OlHDhUESZz4G5DLkW7Nej/O3Cx+0iTsgyU5XJxBgpsvTHLloo3WWuAKKbDHXBvWPVkX1deRh1Q==",
        "dependencies": {
          "Microsoft.EntityFrameworkCore": "[10.0.4, 11.0.0)",
          "Microsoft.EntityFrameworkCore.Relational": "[10.0.4, 11.0.0)",
          "Npgsql": "10.0.3"
        }
      },
      "RabbitMQ.Client": {
        "type": "Direct",
        "requested": "[7.2.2, )",
        "resolved": "7.2.2",
        "contentHash": "k4b6RnTXpLbsF96V93ooNYxgPMnoA2tEm24B6AXNJr1mG8wwNYdA1XJtgU66L5xqeGyveS7SJriRzlX3cbqQNA==",
        "dependencies": {
          "System.Threading.RateLimiting": "8.0.0"
        }
      },
      "Microsoft.EntityFrameworkCore": {
        "type": "Transitive",
        "resolved": "10.0.4",
        "contentHash": "kzTsfFK2GCytp6DDTfQOmxPU4gbGdrIlP7PxrxF3ESNLtfXrC8BoUVZENBN2WORlZPAD7CVX6AYIglgkpXQooA==",
        "dependencies": {
          "Microsoft.EntityFrameworkCore.Abstractions": "10.0.4",
          "Microsoft.EntityFrameworkCore.Analyzers": "10.0.4",
          "Microsoft.Extensions.Caching.Memory": "10.0.4",
          "Microsoft.Extensions.Logging": "10.0.4"
        }
      },
      "Microsoft.EntityFrameworkCore.Abstractions": {
        "type": "Transitive",
        "resolved": "10.0.4",
        "contentHash": "qDcJqCfN1XYyX0ID/Hd9/kQTRvlia8S+Yuwyl9uFhBIKnOCbl9WMdGQCzbZUKbkpkfvf3P9CDdXsnxHyE3O0Aw=="
      },
      "Microsoft.EntityFrameworkCore.Analyzers": {
        "type": "Transitive",
        "resolved": "10.0.4",
        "contentHash": "pQeMHCyD3yTtCEGnHV4VsgKUvrESo3MR5mnh8sgQ1hWYmI1YFsUutDowBIxkobeWRtaRmBqQAtF7XQFW6FWuNA=="
      },
      "Microsoft.EntityFrameworkCore.Relational": {
        "type": "Transitive",
        "resolved": "10.0.4",
        "contentHash": "DOTjTHy93W3TwpMLM4SCm0n57Sc0Jj3+m2S6LSTstKyBB34eT1UouaMS19mpWwvtj42+sRiEjA3+rOTNoNzXFQ==",
        "dependencies": {
          "Microsoft.EntityFrameworkCore": "10.0.4",
          "Microsoft.Extensions.Caching.Memory": "10.0.4",
          "Microsoft.Extensions.Configuration.Abstractions": "10.0.4",
          "Microsoft.Extensions.Logging": "10.0.4"
        }
      },
      "Microsoft.Extensions.Caching.Abstractions": {
        "type": "Transitive",
        "resolved": "10.0.4",
        "contentHash": "uDRooaV6N3WZ0kdlNPMB68/MdGn/in1Fs7Db7DnIm85RBTPy4P321WO+daAImiYpH5dekjNggDqy1N44WaIlMA==",
        "dependencies": {
          "Microsoft.Extensions.Primitives": "10.0.4"
        }
      },
      "Microsoft.Extensions.Caching.Memory": {
        "type": "Transitive",
        "resolved": "10.0.4",
        "contentHash": "CLLussNUMdSbyJOu4VBF7sqskHGB/5N1EcFzrqG/HsPATN8fCRUcfp0qns1VwkxKHwxrtYCh5FKe+kM81Q1PHA==",
        "dependencies": {
          "Microsoft.Extensions.Caching.Abstractions": "10.0.4",
          "Microsoft.Extensions.DependencyInjection.Abstractions": "10.0.4",
          "Microsoft.Extensions.Logging.Abstractions": "10.0.4",
          "Microsoft.Extensions.Options": "10.0.4",
          "Microsoft.Extensions.Primitives": "10.0.4"
        }
      },
      "Microsoft.Extensions.Configuration.Abstractions": {
        "type": "Transitive",
        "resolved": "10.0.12",
        "contentHash": "8xaGcvS/qZ1otoxPQCEJkNva389CVL/plNcvIETZhQTETYdRkYDPEYhUMoAGONo4FU45ufdfE0j29AfWVVj0wA==",
        "dependencies": {
          "Microsoft.Extensions.Primitives": "10.0.12"
        }
      },
      "Microsoft.Extensions.DependencyInjection": {
        "type": "Transitive",
        "resolved": "10.0.4",
        "contentHash": "NkvJ8aSr3AG30yabjv7ZWwTG/wq5OElNTlNq39Ok2HSEF3TIwAc1f1xnTJlR/GuoJmEgkfT7WBO9YbSXRk41+g==",
        "dependencies": {
          "Microsoft.Extensions.DependencyInjection.Abstractions": "10.0.4"
        }
      },
      "Microsoft.Extensions.DependencyInjection.Abstractions": {
        "type": "Transitive",
        "resolved": "10.0.12",
        "contentHash": "9/qymSh7hVDMGTGwrLz8MRp5zRyXy9adGDOs4HwRdnLil3oZGYuWeZjbmHgCQ9BL1qBroVfgUK3U/nb61617Cw=="
      },
      "Microsoft.Extensions.Diagnostics.Abstractions": {
        "type": "Transitive",
        "resolved": "10.0.12",
        "contentHash": "fMp91qlRlMOuHfMyp7LuAnOS+MOeWTF1obJmyFcs4nZCXu6pr+QB1AbFJcl2qpBltBrqF/Y7+Rn9IuNcSuctig==",
        "dependencies": {
          "Microsoft.Extensions.DependencyInjection.Abstractions": "10.0.12",
          "Microsoft.Extensions.Options": "10.0.12"
        }
      },
      "Microsoft.Extensions.FileProviders.Abstractions": {
        "type": "Transitive",
        "resolved": "10.0.12",
        "contentHash": "iQseV6HixWzEYQH4i++84ToIroXnM5jC1TJF4EqBz3lWNG1HBTMYDLkRb6Wm3wk5V6WqSfl7NukO/LYsloGyfg==",
        "dependencies": {
          "Microsoft.Extensions.Primitives": "10.0.12"
        }
      },
      "Microsoft.Extensions.Logging": {
        "type": "Transitive",
        "resolved": "10.0.4",
        "contentHash": "S8+6fCuMOhJZGk8sGFtOy3VsF9mk9x4UOL59GM91REiA/fmCDjunKKIw4RmStG87qyXPfxelDJf2pXIbTuaBdw==",
        "dependencies": {
          "Microsoft.Extensions.DependencyInjection": "10.0.4",
          "Microsoft.Extensions.Logging.Abstractions": "10.0.4",
          "Microsoft.Extensions.Options": "10.0.4"
        }
      },
      "Microsoft.Extensions.Logging.Abstractions": {
        "type": "Transitive",
        "resolved": "10.0.12",
        "contentHash": "+24lC4plfbEDNfLAdTV/SWKS7dW+16X4HdydO3R++134kSNTzcbYA4KpR1Hdh6uWisB8Za3AzwyOn+K+NxWIug==",
        "dependencies": {
          "Microsoft.Extensions.DependencyInjection.Abstractions": "10.0.12"
        }
      },
      "Microsoft.Extensions.Options": {
        "type": "Transitive",
        "resolved": "10.0.12",
        "contentHash": "TDYD33TSRpXKZWlmTXNlj5kCihxatmv2Ec1u6C+bMYLphCS7PoSLE9Pjd/nunDoE7yETk+LLKjVJX78HYtWjpA==",
        "dependencies": {
          "Microsoft.Extensions.DependencyInjection.Abstractions": "10.0.12",
          "Microsoft.Extensions.Primitives": "10.0.12"
        }
      },
      "Microsoft.Extensions.Primitives": {
        "type": "Transitive",
        "resolved": "10.0.12",
        "contentHash": "dYfCLR52UA+3DL7C4I/pvSaRPkNqxrUAQmbFL2u0zvYKKzqgrFCJl08Df+F1aYc8leu9JvpC9bsURUdpExcBXQ=="
      },
      "System.Threading.RateLimiting": {
        "type": "Transitive",
        "resolved": "8.0.0",
        "contentHash": "7mu9v0QDv66ar3DpGSZHg9NuNcxDaaAcnMULuZlaTpP9+hwXhrxNGsF5GmLkSHxFdb5bBc1TzeujsRgTrPWi+Q=="
      },
      "Npgsql": {
        "type": "CentralTransitive",
        "requested": "[10.0.3, )",
        "resolved": "10.0.3",
        "contentHash": "7nb5YzXuvWWJxB0J8DiyL3we+X4FOctZrt0fIBnucOIaIevFEEwGQVZKtiu9olXdlNAK1eNgqSral6r/jlhI4w==",
        "dependencies": {
          "Microsoft.Extensions.Logging.Abstractions": "10.0.0"
        }
      }
    }
  }
}